
Microsoft Visual Studio Solution File, Format Version 12.00
# Visual Studio Version 17
VisualStudioVersion = 17.0.31903.59
MinimumVisualStudioVersion = 10.0.40219.1
Project("{FAE04EC0-301F-11D3-BF4B-00C04F79EFBC}") = "ChangedUI", "ChangedUI\ChangedUI.csproj", "{A6708D5F-F6C0-4383-A428-55FDD8740333}"
EndProject
Global
	GlobalSection(SolutionConfigurationPlatforms) = preSolution
		Debug|Any CPU = Debug|Any CPU
		Release|Any CPU = Release|Any CPU
	EndGlobalSection
	GlobalSection(ProjectConfigurationPlatforms) = postSolution
		{A6708D5F-F6C0-4383-A428-55FDD8740333}.Debug|Any CPU.ActiveCfg = Debug|Any CPU
		{A6708D5F-F6C0-4383-A428-55FDD8740333}.Debug|Any CPU.Build.0 = Debug|Any CPU
		{A6708D5F-F6C0-4383-A428-55FDD8740333}.Release|Any CPU.ActiveCfg = Release|Any CPU
		{A6708D5F-F6C0-4383-A428-55FDD8740333}.Release|Any CPU.Build.0 = Release|Any CPU
	EndGlobalSection
	GlobalSection(SolutionProperties) = preSolution
		HideSolutionNode = FALSE
	EndGlobalSection
	GlobalSection(ExtensibilityGlobals) = postSolution
		SolutionGuid = {41C910F8-D0E7-49C7-A0A0-778A457D33F0}
	EndGlobalSection
EndGlobal
